# THIS IS AN AUTOGENERATED FILE. DO NOT EDIT THIS FILE DIRECTLY.
# yarn lockfile v1


"@quasar/vite-plugin@^1.9.0":
  version "1.9.0"
  resolved "https://registry.yarnpkg.com/@quasar/vite-plugin/-/vite-plugin-1.9.0.tgz#c95748490ebe3b769cbd851ea60f3461743c5083"
  integrity sha512-r1MFtI2QZJ2g20pe75Zuv4aoi0uoK8oP0yEdzLWRoOLCbhtf2+StJpUza9TydYi3KcvCl9+4HUf3OAWVKoxDmQ==
